{
  "name": "with-static-export",
  "requires": true,
  "lockfileVersion": 1,
  "dependencies": {
    "@types/isomorphic-fetch": {
      "version": "0.0.34",
      "resolved": "https://registry.npmjs.org/@types/isomorphic-fetch/-/isomorphic-fetch-0.0.34.tgz",
      "integrity": "sha1-PDSD5gbAQTeEOOlRRk8A5OYHBtY="
    }
  }
}
